
Microsoft Visual Studio Solution File, Format Version 12.00
# Visual Studio Version 17
VisualStudioVersion = 17.0.31919.166
MinimumVisualStudioVersion = 10.0.40219.1
Project("{FAE04EC0-301F-11D3-BF4B-00C04F79EFBC}") = "SellingManagermenWF", "SellingManagermenWF.csproj", "{5CFC448C-C5AB-4E7B-A5C8-B7EB8B1E70FC}"
EndProject
Global
	GlobalSection(SolutionConfigurationPlatforms) = preSolution
		Debug|Any CPU = Debug|Any CPU
		Release|Any CPU = Release|Any CPU
	EndGlobalSection
	GlobalSection(ProjectConfigurationPlatforms) = postSolution
		{5CFC448C-C5AB-4E7B-A5C8-B7EB8B1E70FC}.Debug|Any CPU.ActiveCfg = Debug|Any CPU
		{5CFC448C-C5AB-4E7B-A5C8-B7EB8B1E70FC}.Debug|Any CPU.Build.0 = Debug|Any CPU
		{5CFC448C-C5AB-4E7B-A5C8-B7EB8B1E70FC}.Release|Any CPU.ActiveCfg = Release|Any CPU
		{5CFC448C-C5AB-4E7B-A5C8-B7EB8B1E70FC}.Release|Any CPU.Build.0 = Release|Any CPU
	EndGlobalSection
	GlobalSection(SolutionProperties) = preSolution
		HideSolutionNode = FALSE
	EndGlobalSection
	GlobalSection(ExtensibilityGlobals) = postSolution
		SolutionGuid = {79A08ABD-4F71-4BC5-ABCD-460B5AD59D7C}
	EndGlobalSection
EndGlobal
